<?xml version="1.0" encoding="UTF-8" standalone="yes" ?>
<CodeBlocks_project_file>
   <FileVersion major="1" minor="6" />
   <Project>
      <Option title="trotl" />
      <Option makefile_is_custom="1" />
      <Option compiler="gcc" />
      <Option virtualFolders="CMake Files\;CMake Files\cmake\;CMake Files\cmake\modules\;CMake Files\extlibs\;CMake Files\extlibs\stack\;CMake Files\extlibs\libantlr3c-3.5.1\;CMake Files\extlibs\libermodel\;CMake Files\extlibs\trotl\;CMake Files\extlibs\trotl\src\;CMake Files\src\;CMake Files\src\tests\;" />
      <Build>
      <Target title="all">
         <Option working_dir="/home/ivan/devel/tora/extlibs/trotl" />
         <Option type="4" />
         <MakeCommands>
            <Build command="/usr/bin/make -f &quot;/home/ivan/devel/tora/extlibs/trotl/Makefile&quot;  VERBOSE=1 all" />
            <CompileFile command="/usr/bin/make -f &quot;/home/ivan/devel/tora/extlibs/trotl/Makefile&quot;  VERBOSE=1 &quot;$file&quot;" />
            <Clean command="/usr/bin/make -f &quot;/home/ivan/devel/tora/extlibs/trotl/Makefile&quot;  VERBOSE=1 clean" />
            <DistClean command="/usr/bin/make -f &quot;/home/ivan/devel/tora/extlibs/trotl/Makefile&quot;  VERBOSE=1 clean" />
         </MakeCommands>
      </Target>
      <Target title="trotl">
         <Option output="/home/ivan/devel/tora/src/libtrotl.so" prefix_auto="0" extension_auto="0" />
         <Option working_dir="/home/ivan/devel/tora/extlibs/trotl/src" />
         <Option object_output="./" />
         <Option type="3" />
         <Option compiler="gcc" />
         <Compiler>
            <Add option="-DHAVE_GITREVISION_H=1" />
            <Add option="-DDEBUG" />
            <Add option="-DQT_DEBUG" />
            <Add option="-DQT_WEBKIT_LIB" />
            <Add option="-DQT_GUI_LIB" />
            <Add option="-DQT_XML_LIB" />
            <Add option="-DQT_SQL_LIB" />
            <Add option="-DQT_NETWORK_LIB" />
            <Add option="-DQT_CORE_LIB" />
            <Add option="-DQT_THREAD_LIB" />
            <Add option="-DOTL_ORA12C" />
            <Add option="-DDBLINK" />
            <Add option="-DLOKI_STATIC" />
            <Add option="-DEXPLICIT_EXPORT" />
            <Add option="-DTROTL_MAKE_DLL" />
            <Add directory="/home/ivan/devel/tora/extlibs/loki-extra/include" />
            <Add directory="/home/ivan/devel/tora/extlibs/stack" />
            <Add directory="/home/ivan/devel/tora/extlibs/trotl/src" />
            <Add directory="/oracle/product/12.1.0/rdbms/public" />
            <Add directory="/usr/include" />
            <Add directory="/usr/include/c++/4.9" />
            <Add directory="/usr/include/c++/4.9/backward" />
            <Add directory="/usr/include/qt4" />
            <Add directory="/usr/include/qt4/QtCore" />
            <Add directory="/usr/include/qt4/QtGui" />
            <Add directory="/usr/include/qt4/QtNetwork" />
            <Add directory="/usr/include/qt4/QtSql" />
            <Add directory="/usr/include/qt4/QtWebKit" />
            <Add directory="/usr/include/qt4/QtXml" />
            <Add directory="/usr/include/x86_64-linux-gnu" />
            <Add directory="/usr/include/x86_64-linux-gnu/c++/4.9" />
            <Add directory="/usr/lib/gcc/x86_64-linux-gnu/4.9/include" />
            <Add directory="/usr/lib/gcc/x86_64-linux-gnu/4.9/include-fixed" />
            <Add directory="/usr/local/include" />
         </Compiler>
         <MakeCommands>
            <Build command="/usr/bin/make -f &quot;/home/ivan/devel/tora/extlibs/trotl/src/Makefile&quot;  VERBOSE=1 trotl" />
            <CompileFile command="/usr/bin/make -f &quot;/home/ivan/devel/tora/extlibs/trotl/src/Makefile&quot;  VERBOSE=1 &quot;$file&quot;" />
            <Clean command="/usr/bin/make -f &quot;/home/ivan/devel/tora/extlibs/trotl/src/Makefile&quot;  VERBOSE=1 clean" />
            <DistClean command="/usr/bin/make -f &quot;/home/ivan/devel/tora/extlibs/trotl/src/Makefile&quot;  VERBOSE=1 clean" />
         </MakeCommands>
      </Target>
      <Target title="trotl/fast">
         <Option output="/home/ivan/devel/tora/src/libtrotl.so" prefix_auto="0" extension_auto="0" />
         <Option working_dir="/home/ivan/devel/tora/extlibs/trotl/src" />
         <Option object_output="./" />
         <Option type="3" />
         <Option compiler="gcc" />
         <Compiler>
            <Add option="-DHAVE_GITREVISION_H=1" />
            <Add option="-DDEBUG" />
            <Add option="-DQT_DEBUG" />
            <Add option="-DQT_WEBKIT_LIB" />
            <Add option="-DQT_GUI_LIB" />
            <Add option="-DQT_XML_LIB" />
            <Add option="-DQT_SQL_LIB" />
            <Add option="-DQT_NETWORK_LIB" />
            <Add option="-DQT_CORE_LIB" />
            <Add option="-DQT_THREAD_LIB" />
            <Add option="-DOTL_ORA12C" />
            <Add option="-DDBLINK" />
            <Add option="-DLOKI_STATIC" />
            <Add option="-DEXPLICIT_EXPORT" />
            <Add option="-DTROTL_MAKE_DLL" />
            <Add directory="/home/ivan/devel/tora/extlibs/loki-extra/include" />
            <Add directory="/home/ivan/devel/tora/extlibs/stack" />
            <Add directory="/home/ivan/devel/tora/extlibs/trotl/src" />
            <Add directory="/oracle/product/12.1.0/rdbms/public" />
            <Add directory="/usr/include" />
            <Add directory="/usr/include/c++/4.9" />
            <Add directory="/usr/include/c++/4.9/backward" />
            <Add directory="/usr/include/qt4" />
            <Add directory="/usr/include/qt4/QtCore" />
            <Add directory="/usr/include/qt4/QtGui" />
            <Add directory="/usr/include/qt4/QtNetwork" />
            <Add directory="/usr/include/qt4/QtSql" />
            <Add directory="/usr/include/qt4/QtWebKit" />
            <Add directory="/usr/include/qt4/QtXml" />
            <Add directory="/usr/include/x86_64-linux-gnu" />
            <Add directory="/usr/include/x86_64-linux-gnu/c++/4.9" />
            <Add directory="/usr/lib/gcc/x86_64-linux-gnu/4.9/include" />
            <Add directory="/usr/lib/gcc/x86_64-linux-gnu/4.9/include-fixed" />
            <Add directory="/usr/local/include" />
         </Compiler>
         <MakeCommands>
            <Build command="/usr/bin/make -f &quot;/home/ivan/devel/tora/extlibs/trotl/src/Makefile&quot;  VERBOSE=1 trotl/fast" />
            <CompileFile command="/usr/bin/make -f &quot;/home/ivan/devel/tora/extlibs/trotl/src/Makefile&quot;  VERBOSE=1 &quot;$file&quot;" />
            <Clean command="/usr/bin/make -f &quot;/home/ivan/devel/tora/extlibs/trotl/src/Makefile&quot;  VERBOSE=1 clean" />
            <DistClean command="/usr/bin/make -f &quot;/home/ivan/devel/tora/extlibs/trotl/src/Makefile&quot;  VERBOSE=1 clean" />
         </MakeCommands>
      </Target>
      </Build>
      <Unit filename="/home/ivan/devel/tora/extlibs/trotl/src/trotl_anydata.cpp">
      </Unit>
      <Unit filename="/home/ivan/devel/tora/extlibs/trotl/src/trotl_collection.cpp">
      </Unit>
      <Unit filename="/home/ivan/devel/tora/extlibs/trotl/src/trotl_conn.cpp">
      </Unit>
      <Unit filename="/home/ivan/devel/tora/extlibs/trotl/src/trotl_convertor.cpp">
      </Unit>
      <Unit filename="/home/ivan/devel/tora/extlibs/trotl/src/trotl_cursor.cpp">
      </Unit>
      <Unit filename="/home/ivan/devel/tora/extlibs/trotl/src/trotl_date.cpp">
      </Unit>
      <Unit filename="/home/ivan/devel/tora/extlibs/trotl/src/trotl_describe.cpp">
      </Unit>
      <Unit filename="/home/ivan/devel/tora/extlibs/trotl/src/trotl_error.cpp">
      </Unit>
      <Unit filename="/home/ivan/devel/tora/extlibs/trotl/src/trotl_int.cpp">
      </Unit>
      <Unit filename="/home/ivan/devel/tora/extlibs/trotl/src/trotl_lob.cpp">
      </Unit>
      <Unit filename="/home/ivan/devel/tora/extlibs/trotl/src/trotl_misc.cpp">
      </Unit>
      <Unit filename="/home/ivan/devel/tora/extlibs/trotl/src/trotl_parser.cpp">
      </Unit>
      <Unit filename="/home/ivan/devel/tora/extlibs/trotl/src/trotl_rid.cpp">
      </Unit>
      <Unit filename="/home/ivan/devel/tora/extlibs/trotl/src/trotl_spatial.cpp">
      </Unit>
      <Unit filename="/home/ivan/devel/tora/extlibs/trotl/src/trotl_stat.cpp">
      </Unit>
      <Unit filename="/home/ivan/devel/tora/extlibs/trotl/src/trotl_string.cpp">
      </Unit>
      <Unit filename="/home/ivan/devel/tora/extlibs/trotl/src/trotl_var.cpp">
      </Unit>
      <Unit filename="/home/ivan/devel/tora/extlibs/trotl/src/trotl_anydata.h">
      </Unit>
      <Unit filename="/home/ivan/devel/tora/extlibs/trotl/src/trotl_collection.h">
      </Unit>
      <Unit filename="/home/ivan/devel/tora/extlibs/trotl/src/trotl_conn.h">
      </Unit>
      <Unit filename="/home/ivan/devel/tora/extlibs/trotl/src/trotl_convertor.h">
      </Unit>
      <Unit filename="/home/ivan/devel/tora/extlibs/trotl/src/trotl_cursor.h">
      </Unit>
      <Unit filename="/home/ivan/devel/tora/extlibs/trotl/src/trotl_date.h">
      </Unit>
      <Unit filename="/home/ivan/devel/tora/extlibs/trotl/src/trotl_describe.h">
      </Unit>
      <Unit filename="/home/ivan/devel/tora/extlibs/trotl/src/trotl_error.h">
      </Unit>
      <Unit filename="/home/ivan/devel/tora/extlibs/trotl/src/trotl_int.h">
      </Unit>
      <Unit filename="/home/ivan/devel/tora/extlibs/trotl/src/trotl_lob.h">
      </Unit>
      <Unit filename="/home/ivan/devel/tora/extlibs/trotl/src/trotl_misc.h">
      </Unit>
      <Unit filename="/home/ivan/devel/tora/extlibs/trotl/src/trotl_parser.h">
      </Unit>
      <Unit filename="/home/ivan/devel/tora/extlibs/trotl/src/trotl_rid.h">
      </Unit>
      <Unit filename="/home/ivan/devel/tora/extlibs/trotl/src/trotl_spatial.h">
      </Unit>
      <Unit filename="/home/ivan/devel/tora/extlibs/trotl/src/trotl_stat.h">
      </Unit>
      <Unit filename="/home/ivan/devel/tora/extlibs/trotl/src/trotl_string.h">
      </Unit>
      <Unit filename="/home/ivan/devel/tora/extlibs/trotl/src/trotl_var.h">
      </Unit>
      <Unit filename="/home/ivan/devel/tora/CMakeLists.txt">
          <Option virtualFolder="CMake Files\" />
      </Unit>
      <Unit filename="/home/ivan/devel/tora/cmake_uninstall.cmake.in">
          <Option virtualFolder="CMake Files\" />
      </Unit>
      <Unit filename="/home/ivan/devel/tora/cmake/modules/LibSuffix.cmake">
          <Option virtualFolder="CMake Files\cmake\modules\" />
      </Unit>
      <Unit filename="/home/ivan/devel/tora/cmake/modules/FindLoki.cmake">
          <Option virtualFolder="CMake Files\cmake\modules\" />
      </Unit>
      <Unit filename="/home/ivan/devel/tora/cmake/modules/FindQScintilla.cmake">
          <Option virtualFolder="CMake Files\cmake\modules\" />
      </Unit>
      <Unit filename="/home/ivan/devel/tora/cmake/modules/FindOracle.cmake">
          <Option virtualFolder="CMake Files\cmake\modules\" />
      </Unit>
      <Unit filename="/home/ivan/devel/tora/cmake/modules/OCIVersion.c">
          <Option virtualFolder="CMake Files\cmake\modules\" />
      </Unit>
      <Unit filename="/home/ivan/devel/tora/cmake/modules/FindPostgreSQL.cmake">
          <Option virtualFolder="CMake Files\cmake\modules\" />
      </Unit>
      <Unit filename="/home/ivan/devel/tora/cmake/modules/ToraFindPackageHandleStandardArgs.cmake">
          <Option virtualFolder="CMake Files\cmake\modules\" />
      </Unit>
      <Unit filename="/home/ivan/devel/tora/cmake/modules/FindDB2.cmake">
          <Option virtualFolder="CMake Files\cmake\modules\" />
      </Unit>
      <Unit filename="/home/ivan/devel/tora/cmake/modules/FindTeradata.cmake">
          <Option virtualFolder="CMake Files\cmake\modules\" />
      </Unit>
      <Unit filename="/home/ivan/devel/tora/cmake/modules/FindPopplerQt4.cmake">
          <Option virtualFolder="CMake Files\cmake\modules\" />
      </Unit>
      <Unit filename="/home/ivan/devel/tora/cmake/modules/PrecompiledHeader.cmake">
          <Option virtualFolder="CMake Files\cmake\modules\" />
      </Unit>
      <Unit filename="/home/ivan/devel/tora/extlibs/CMakeLists.txt">
          <Option virtualFolder="CMake Files\extlibs\" />
      </Unit>
      <Unit filename="/home/ivan/devel/tora/extlibs/stack/CMakeLists.txt">
          <Option virtualFolder="CMake Files\extlibs\stack\" />
      </Unit>
      <Unit filename="/home/ivan/devel/tora/extlibs/libantlr3c-3.5.1/CMakeLists.txt">
          <Option virtualFolder="CMake Files\extlibs\libantlr3c-3.5.1\" />
      </Unit>
      <Unit filename="/home/ivan/devel/tora/extlibs/libantlr3c-3.5.1/antlr3config.h.in.cmake">
          <Option virtualFolder="CMake Files\extlibs\libantlr3c-3.5.1\" />
      </Unit>
      <Unit filename="/home/ivan/devel/tora/extlibs/libermodel/CMakeLists.txt">
          <Option virtualFolder="CMake Files\extlibs\libermodel\" />
      </Unit>
      <Unit filename="/home/ivan/devel/tora/extlibs/trotl/CMakeLists.txt">
          <Option virtualFolder="CMake Files\extlibs\trotl\" />
      </Unit>
      <Unit filename="/home/ivan/devel/tora/extlibs/trotl/CMakeLists.txt">
          <Option virtualFolder="CMake Files\extlibs\trotl\" />
      </Unit>
      <Unit filename="/home/ivan/devel/tora/extlibs/trotl/src/CMakeLists.txt">
          <Option virtualFolder="CMake Files\extlibs\trotl\src\" />
      </Unit>
      <Unit filename="/home/ivan/devel/tora/extlibs/trotl/src/CMakeLists.txt">
          <Option virtualFolder="CMake Files\extlibs\trotl\src\" />
      </Unit>
      <Unit filename="/home/ivan/devel/tora/src/CMakeLists.txt">
          <Option virtualFolder="CMake Files\src\" />
      </Unit>
      <Unit filename="/home/ivan/devel/tora/src/tora.qrc">
          <Option virtualFolder="CMake Files\src\" />
      </Unit>
      <Unit filename="/home/ivan/devel/tora/src/icons.qrc">
          <Option virtualFolder="CMake Files\src\" />
      </Unit>
      <Unit filename="/home/ivan/devel/tora/src/tests/test4.qrc">
          <Option virtualFolder="CMake Files\src\tests\" />
      </Unit>
   </Project>
</CodeBlocks_project_file>
